{
  "requires": true,
  "lockfileVersion": 1,
  "dependencies": {
    "here-maps-react": {
      "version": "2.0.0",
      "resolved": "https://registry.npmjs.org/here-maps-react/-/here-maps-react-2.0.0.tgz",
      "integrity": "sha512-nmncqlazK+B/5jK089kjxMk26/Q8+pWRIUIRFmygI+E5CEAWlFLLJAeqmtqtHH6sWr1Zv+sR1Dqtw9hk6MJ/bA==",
      "requires": {
        "lodash.debounce": "^4.0.8"
      }
    },
    "lodash.debounce": {
      "version": "4.0.8",
      "resolved": "https://registry.npmjs.org/lodash.debounce/-/lodash.debounce-4.0.8.tgz",
      "integrity": "sha1-gteb/zCmfEAF/9XiUVMArZyk168="
    }
  }
}
